hash: 2ca50dde8e443c4c67440b6f065abd1a939c195d689f5f7179a438964b54a46e
updated: 2017-06-18T12:48:36.971782489+09:00
imports:
- name: golang.org/x/net
  version: 1a68b1313cf4ad7778376e82641197b60c02f65c
  subpackages:
  - bpf
  - icmp
  - internal/iana
  - internal/socket
  - ipv4
  - ipv6
testImports: []
